// !$*UTF8*$!
{
	archiveVersion = 1;
	classes = {
	};
	objectVersion = 50;
	objects = {

/* Begin PBXBuildFile section */
		5ED18937242C35F1007E4B2B /* AppDelegate.m in Sources */ = {isa = PBXBuildFile; fileRef = 5ED18936242C35F1007E4B2B /* AppDelegate.m */; };
		5ED1893A242C35F1007E4B2B /* SceneDelegate.m in Sources */ = {isa = PBXBuildFile; fileRef = 5ED18939242C35F1007E4B2B /* SceneDelegate.m */; };
		5ED1893D242C35F1007E4B2B /* EntranceController.m in Sources */ = {isa = PBXBuildFile; fileRef = 5ED1893C242C35F1007E4B2B /* EntranceController.m */; };
		5ED18940242C35F1007E4B2B /* Main.storyboard in Resources */ = {isa = PBXBuildFile; fileRef = 5ED1893E242C35F1007E4B2B /* Main.storyboard */; };
		5ED18942242C35F3007E4B2B /* Assets.xcassets in Resources */ = {isa = PBXBuildFile; fileRef = 5ED18941242C35F3007E4B2B /* Assets.xcassets */; };
		5ED18945242C35F3007E4B2B /* LaunchScreen.storyboard in Resources */ = {isa = PBXBuildFile; fileRef = 5ED18943242C35F3007E4B2B /* LaunchScreen.storyboard */; };
		5ED18948242C35F3007E4B2B /* main.m in Sources */ = {isa = PBXBuildFile; fileRef = 5ED18947242C35F3007E4B2B /* main.m */; };
		5ED18952242C35F3007E4B2B /* githubInfoTests.m in Sources */ = {isa = PBXBuildFile; fileRef = 5ED18951242C35F3007E4B2B /* githubInfoTests.m */; };
		5ED1895D242C35F3007E4B2B /* githubInfoUITests.m in Sources */ = {isa = PBXBuildFile; fileRef = 5ED1895C242C35F3007E4B2B /* githubInfoUITests.m */; };
		5ED1896B242C372F007E4B2B /* libAFNetworking.a in Frameworks */ = {isa = PBXBuildFile; fileRef = 5ED1896A242C372F007E4B2B /* libAFNetworking.a */; };
		5ED1896D242C372F007E4B2B /* libJSONModel.a in Frameworks */ = {isa = PBXBuildFile; fileRef = 5ED1896C242C372F007E4B2B /* libJSONModel.a */; };
		5ED1896F242C372F007E4B2B /* libMBProgressHUD.a in Frameworks */ = {isa = PBXBuildFile; fileRef = 5ED1896E242C372F007E4B2B /* libMBProgressHUD.a */; };
		5ED18971242C372F007E4B2B /* libSDWebImage.a in Frameworks */ = {isa = PBXBuildFile; fileRef = 5ED18970242C372F007E4B2B /* libSDWebImage.a */; };
		666311A97D3F1E41CF003039 /* libPods-githubInfoUITests.a in Frameworks */ = {isa = PBXBuildFile; fileRef = 1143513A3247D12B529F2437 /* libPods-githubInfoUITests.a */; };
		82C1817545E2D2725F4AFE13 /* libPods-githubInfoTests.a in Frameworks */ = {isa = PBXBuildFile; fileRef = 95180EDACFF451F17AC1D572 /* libPods-githubInfoTests.a */; };
		F2163D027C371BA32212C76C /* libPods-githubInfo.a in Frameworks */ = {isa = PBXBuildFile; fileRef = 15D3D4542A8441E653D2E0EC /* libPods-githubInfo.a */; };
/* End PBXBuildFile section */

/* Begin PBXContainerItemProxy section */
		5ED1894E242C35F3007E4B2B /* PBXContainerItemProxy */ = {
			isa = PBXContainerItemProxy;
			containerPortal = 5ED1892A242C35F1007E4B2B /* Project object */;
			proxyType = 1;
			remoteGlobalIDString = 5ED18931242C35F1007E4B2B;
			remoteInfo = githubInfo;
		};
		5ED18959242C35F3007E4B2B /* PBXContainerItemProxy */ = {
			isa = PBXContainerItemProxy;
			containerPortal = 5ED1892A242C35F1007E4B2B /* Project object */;
			proxyType = 1;
			remoteGlobalIDString = 5ED18931242C35F1007E4B2B;
			remoteInfo = githubInfo;
		};
/* End PBXContainerItemProxy section */

/* Begin PBXFileReference section */
		1143513A3247D12B529F2437 /* libPods-githubInfoUITests.a */ = {isa = PBXFileReference; explicitFileType = archive.ar; includeInIndex = 0; path = "libPods-githubInfoUITests.a"; sourceTree = BUILT_PRODUCTS_DIR; };
		14C18325410DF43E62A0E2A4 /* Pods-githubInfo.release.xcconfig */ = {isa = PBXFileReference; includeInIndex = 1; lastKnownFileType = text.xcconfig; name = "Pods-githubInfo.release.xcconfig"; path = "Pods/Target Support Files/Pods-githubInfo/Pods-githubInfo.release.xcconfig"; sourceTree = "<group>"; };
		15D3D4542A8441E653D2E0EC /* libPods-githubInfo.a */ = {isa = PBXFileReference; explicitFileType = archive.ar; includeInIndex = 0; path = "libPods-githubInfo.a"; sourceTree = BUILT_PRODUCTS_DIR; };
		1848502DB759AF5D79487419 /* Pods-githubInfoUITests.release.xcconfig */ = {isa = PBXFileReference; includeInIndex = 1; lastKnownFileType = text.xcconfig; name = "Pods-githubInfoUITests.release.xcconfig"; path = "Pods/Target Support Files/Pods-githubInfoUITests/Pods-githubInfoUITests.release.xcconfig"; sourceTree = "<group>"; };
		3BC833C863E69BBBB4986919 /* Pods-githubInfoTests.release.xcconfig */ = {isa = PBXFileReference; includeInIndex = 1; lastKnownFileType = text.xcconfig; name = "Pods-githubInfoTests.release.xcconfig"; path = "Pods/Target Support Files/Pods-githubInfoTests/Pods-githubInfoTests.release.xcconfig"; sourceTree = "<group>"; };
		401F9B6F0827363E4AF0285C /* Pods-githubInfoUITests.debug.xcconfig */ = {isa = PBXFileReference; includeInIndex = 1; lastKnownFileType = text.xcconfig; name = "Pods-githubInfoUITests.debug.xcconfig"; path = "Pods/Target Support Files/Pods-githubInfoUITests/Pods-githubInfoUITests.debug.xcconfig"; sourceTree = "<group>"; };
		5ED18932242C35F1007E4B2B /* githubInfo.app */ = {isa = PBXFileReference; explicitFileType = wrapper.application; includeInIndex = 0; path = githubInfo.app; sourceTree = BUILT_PRODUCTS_DIR; };
		5ED18935242C35F1007E4B2B /* AppDelegate.h */ = {isa = PBXFileReference; lastKnownFileType = sourcecode.c.h; path = AppDelegate.h; sourceTree = "<group>"; };
		5ED18936242C35F1007E4B2B /* AppDelegate.m */ = {isa = PBXFileReference; lastKnownFileType = sourcecode.c.objc; path = AppDelegate.m; sourceTree = "<group>"; };
		5ED18938242C35F1007E4B2B /* SceneDelegate.h */ = {isa = PBXFileReference; lastKnownFileType = sourcecode.c.h; path = SceneDelegate.h; sourceTree = "<group>"; };
		5ED18939242C35F1007E4B2B /* SceneDelegate.m */ = {isa = PBXFileReference; lastKnownFileType = sourcecode.c.objc; path = SceneDelegate.m; sourceTree = "<group>"; };
		5ED1893B242C35F1007E4B2B /* EntranceController.h */ = {isa = PBXFileReference; lastKnownFileType = sourcecode.c.h; path = EntranceController.h; sourceTree = "<group>"; };
		5ED1893C242C35F1007E4B2B /* EntranceController.m */ = {isa = PBXFileReference; lastKnownFileType = sourcecode.c.objc; path = EntranceController.m; sourceTree = "<group>"; };
		5ED1893F242C35F1007E4B2B /* Base */ = {isa = PBXFileReference; lastKnownFileType = file.storyboard; name = Base; path = Base.lproj/Main.storyboard; sourceTree = "<group>"; };
		5ED18941242C35F3007E4B2B /* Assets.xcassets */ = {isa = PBXFileReference; lastKnownFileType = folder.assetcatalog; path = Assets.xcassets; sourceTree = "<group>"; };
		5ED18944242C35F3007E4B2B /* Base */ = {isa = PBXFileReference; lastKnownFileType = file.storyboard; name = Base; path = Base.lproj/LaunchScreen.storyboard; sourceTree = "<group>"; };
		5ED18946242C35F3007E4B2B /* Info.plist */ = {isa = PBXFileReference; lastKnownFileType = text.plist.xml; path = Info.plist; sourceTree = "<group>"; };
		5ED18947242C35F3007E4B2B /* main.m */ = {isa = PBXFileReference; lastKnownFileType = sourcecode.c.objc; path = main.m; sourceTree = "<group>"; };
		5ED1894D242C35F3007E4B2B /* githubInfoTests.xctest */ = {isa = PBXFileReference; explicitFileType = wrapper.cfbundle; includeInIndex = 0; path = githubInfoTests.xctest; sourceTree = BUILT_PRODUCTS_DIR; };
		5ED18951242C35F3007E4B2B /* githubInfoTests.m */ = {isa = PBXFileReference; lastKnownFileType = sourcecode.c.objc; path = githubInfoTests.m; sourceTree = "<group>"; };
		5ED18953242C35F3007E4B2B /* Info.plist */ = {isa = PBXFileReference; lastKnownFileType = text.plist.xml; path = Info.plist; sourceTree = "<group>"; };
		5ED18958242C35F3007E4B2B /* githubInfoUITests.xctest */ = {isa = PBXFileReference; explicitFileType = wrapper.cfbundle; includeInIndex = 0; path = githubInfoUITests.xctest; sourceTree = BUILT_PRODUCTS_DIR; };
		5ED1895C242C35F3007E4B2B /* githubInfoUITests.m */ = {isa = PBXFileReference; lastKnownFileType = sourcecode.c.objc; path = githubInfoUITests.m; sourceTree = "<group>"; };
		5ED1895E242C35F3007E4B2B /* Info.plist */ = {isa = PBXFileReference; lastKnownFileType = text.plist.xml; path = Info.plist; sourceTree = "<group>"; };
		5ED1896A242C372F007E4B2B /* libAFNetworking.a */ = {isa = PBXFileReference; explicitFileType = archive.ar; path = libAFNetworking.a; sourceTree = BUILT_PRODUCTS_DIR; };
		5ED1896C242C372F007E4B2B /* libJSONModel.a */ = {isa = PBXFileReference; explicitFileType = archive.ar; path = libJSONModel.a; sourceTree = BUILT_PRODUCTS_DIR; };
		5ED1896E242C372F007E4B2B /* libMBProgressHUD.a */ = {isa = PBXFileReference; explicitFileType = archive.ar; path = libMBProgressHUD.a; sourceTree = BUILT_PRODUCTS_DIR; };
		5ED18970242C372F007E4B2B /* libSDWebImage.a */ = {isa = PBXFileReference; explicitFileType = archive.ar; path = libSDWebImage.a; sourceTree = BUILT_PRODUCTS_DIR; };
		707B0BD63CEA60B8FE05B509 /* Pods-githubInfoTests.debug.xcconfig */ = {isa = PBXFileReference; includeInIndex = 1; lastKnownFileType = text.xcconfig; name = "Pods-githubInfoTests.debug.xcconfig"; path = "Pods/Target Support Files/Pods-githubInfoTests/Pods-githubInfoTests.debug.xcconfig"; sourceTree = "<group>"; };
		8773F7CCA10521F164F266E3 /* Pods-githubInfo.debug.xcconfig */ = {isa = PBXFileReference; includeInIndex = 1; lastKnownFileType = text.xcconfig; name = "Pods-githubInfo.debug.xcconfig"; path = "Pods/Target Support Files/Pods-githubInfo/Pods-githubInfo.debug.xcconfig"; sourceTree = "<group>"; };
		95180EDACFF451F17AC1D572 /* libPods-githubInfoTests.a */ = {isa = PBXFileReference; explicitFileType = archive.ar; includeInIndex = 0; path = "libPods-githubInfoTests.a"; sourceTree = BUILT_PRODUCTS_DIR; };
/* End PBXFileReference section */

/* Begin PBXFrameworksBuildPhase section */
		5ED1892F242C35F1007E4B2B /* Frameworks */ = {
			isa = PBXFrameworksBuildPhase;
			buildActionMask = 2147483647;
			files = (
				5ED1896B242C372F007E4B2B /* libAFNetworking.a in Frameworks */,
				5ED1896D242C372F007E4B2B /* libJSONModel.a in Frameworks */,
				5ED1896F242C372F007E4B2B /* libMBProgressHUD.a in Frameworks */,
				5ED18971242C372F007E4B2B /* libSDWebImage.a in Frameworks */,
				F2163D027C371BA32212C76C /* libPods-githubInfo.a in Frameworks */,
			);
			runOnlyForDeploymentPostprocessing = 0;
		};
		5ED1894A242C35F3007E4B2B /* Frameworks */ = {
			isa = PBXFrameworksBuildPhase;
			buildActionMask = 2147483647;
			files = (
				82C1817545E2D2725F4AFE13 /* libPods-githubInfoTests.a in Frameworks */,
			);
			runOnlyForDeploymentPostprocessing = 0;
		};
		5ED18955242C35F3007E4B2B /* Frameworks */ = {
			isa = PBXFrameworksBuildPhase;
			buildActionMask = 2147483647;
			files = (
				666311A97D3F1E41CF003039 /* libPods-githubInfoUITests.a in Frameworks */,
			);
			runOnlyForDeploymentPostprocessing = 0;
		};
/* End PBXFrameworksBuildPhase section */

/* Begin PBXGroup section */
		5ED18929242C35F1007E4B2B = {
			isa = PBXGroup;
			children = (
				5ED18934242C35F1007E4B2B /* githubInfo */,
				5ED18950242C35F3007E4B2B /* githubInfoTests */,
				5ED1895B242C35F3007E4B2B /* githubInfoUITests */,
				5ED18933242C35F1007E4B2B /* Products */,
				A15E8E6E3CAF25AE0B299698 /* Pods */,
				B033DF0A75A6AB863C9D3B4A /* Frameworks */,
			);
			sourceTree = "<group>";
		};
		5ED18933242C35F1007E4B2B /* Products */ = {
			isa = PBXGroup;
			children = (
				5ED18932242C35F1007E4B2B /* githubInfo.app */,
				5ED1894D242C35F3007E4B2B /* githubInfoTests.xctest */,
				5ED18958242C35F3007E4B2B /* githubInfoUITests.xctest */,
			);
			name = Products;
			sourceTree = "<group>";
		};
		5ED18934242C35F1007E4B2B /* githubInfo */ = {
			isa = PBXGroup;
			children = (
				5ED18976242C392A007E4B2B /* View */,
				5ED18975242C391E007E4B2B /* ViewModel */,
				5ED18974242C3919007E4B2B /* Model */,
				5ED18973242C390F007E4B2B /* ViewController */,
				5ED18972242C38FC007E4B2B /* ImageSet */,
				5ED18935242C35F1007E4B2B /* AppDelegate.h */,
				5ED18936242C35F1007E4B2B /* AppDelegate.m */,
				5ED18938242C35F1007E4B2B /* SceneDelegate.h */,
				5ED18939242C35F1007E4B2B /* SceneDelegate.m */,
				5ED1893E242C35F1007E4B2B /* Main.storyboard */,
				5ED18941242C35F3007E4B2B /* Assets.xcassets */,
				5ED18943242C35F3007E4B2B /* LaunchScreen.storyboard */,
				5ED18946242C35F3007E4B2B /* Info.plist */,
				5ED18947242C35F3007E4B2B /* main.m */,
			);
			path = githubInfo;
			sourceTree = "<group>";
		};
		5ED18950242C35F3007E4B2B /* githubInfoTests */ = {
			isa = PBXGroup;
			children = (
				5ED18951242C35F3007E4B2B /* githubInfoTests.m */,
				5ED18953242C35F3007E4B2B /* Info.plist */,
			);
			path = githubInfoTests;
			sourceTree = "<group>";
		};
		5ED1895B242C35F3007E4B2B /* githubInfoUITests */ = {
			isa = PBXGroup;
			children = (
				5ED1895C242C35F3007E4B2B /* githubInfoUITests.m */,
				5ED1895E242C35F3007E4B2B /* Info.plist */,
			);
			path = githubInfoUITests;
			sourceTree = "<group>";
		};
		5ED18972242C38FC007E4B2B /* ImageSet */ = {
			isa = PBXGroup;
			children = (
			);
			path = ImageSet;
			sourceTree = "<group>";
		};
		5ED18973242C390F007E4B2B /* ViewController */ = {
			isa = PBXGroup;
			children = (
				5ED1893B242C35F1007E4B2B /* EntranceController.h */,
				5ED1893C242C35F1007E4B2B /* EntranceController.m */,
			);
			path = ViewController;
			sourceTree = "<group>";
		};
		5ED18974242C3919007E4B2B /* Model */ = {
			isa = PBXGroup;
			children = (
			);
			path = Model;
			sourceTree = "<group>";
		};
		5ED18975242C391E007E4B2B /* ViewModel */ = {
			isa = PBXGroup;
			children = (
			);
			path = ViewModel;
			sourceTree = "<group>";
		};
		5ED18976242C392A007E4B2B /* View */ = {
			isa = PBXGroup;
			children = (
			);
			path = View;
			sourceTree = "<group>";
		};
		A15E8E6E3CAF25AE0B299698 /* Pods */ = {
			isa = PBXGroup;
			children = (
				8773F7CCA10521F164F266E3 /* Pods-githubInfo.debug.xcconfig */,
				14C18325410DF43E62A0E2A4 /* Pods-githubInfo.release.xcconfig */,
				707B0BD63CEA60B8FE05B509 /* Pods-githubInfoTests.debug.xcconfig */,
				3BC833C863E69BBBB4986919 /* Pods-githubInfoTests.release.xcconfig */,
				401F9B6F0827363E4AF0285C /* Pods-githubInfoUITests.debug.xcconfig */,
				1848502DB759AF5D79487419 /* Pods-githubInfoUITests.release.xcconfig */,
			);
			name = Pods;
			sourceTree = "<group>";
		};
		B033DF0A75A6AB863C9D3B4A /* Frameworks */ = {
			isa = PBXGroup;
			children = (
				5ED1896A242C372F007E4B2B /* libAFNetworking.a */,
				5ED1896C242C372F007E4B2B /* libJSONModel.a */,
				5ED1896E242C372F007E4B2B /* libMBProgressHUD.a */,
				5ED18970242C372F007E4B2B /* libSDWebImage.a */,
				15D3D4542A8441E653D2E0EC /* libPods-githubInfo.a */,
				95180EDACFF451F17AC1D572 /* libPods-githubInfoTests.a */,
				1143513A3247D12B529F2437 /* libPods-githubInfoUITests.a */,
			);
			name = Frameworks;
			sourceTree = "<group>";
		};
/* End PBXGroup section */

/* Begin PBXNativeTarget section */
		5ED18931242C35F1007E4B2B /* githubInfo */ = {
			isa = PBXNativeTarget;
			buildConfigurationList = 5ED18961242C35F3007E4B2B /* Build configuration list for PBXNativeTarget "githubInfo" */;
			buildPhases = (
				157BEECF8A704546E5423C92 /* [CP] Check Pods Manifest.lock */,
				5ED1892E242C35F1007E4B2B /* Sources */,
				5ED1892F242C35F1007E4B2B /* Frameworks */,
				5ED18930242C35F1007E4B2B /* Resources */,
			);
			buildRules = (
			);
			dependencies = (
			);
			name = githubInfo;
			productName = githubInfo;
			productReference = 5ED18932242C35F1007E4B2B /* githubInfo.app */;
			productType = "com.apple.product-type.application";
		};
		5ED1894C242C35F3007E4B2B /* githubInfoTests */ = {
			isa = PBXNativeTarget;
			buildConfigurationList = 5ED18964242C35F3007E4B2B /* Build configuration list for PBXNativeTarget "githubInfoTests" */;
			buildPhases = (
				EC783C864031164D973715C0 /* [CP] Check Pods Manifest.lock */,
				5ED18949242C35F3007E4B2B /* Sources */,
				5ED1894A242C35F3007E4B2B /* Frameworks */,
				5ED1894B242C35F3007E4B2B /* Resources */,
			);
			buildRules = (
			);
			dependencies = (
				5ED1894F242C35F3007E4B2B /* PBXTargetDependency */,
			);
			name = githubInfoTests;
			productName = githubInfoTests;
			productReference = 5ED1894D242C35F3007E4B2B /* githubInfoTests.xctest */;
			productType = "com.apple.product-type.bundle.unit-test";
		};
		5ED18957242C35F3007E4B2B /* githubInfoUITests */ = {
			isa = PBXNativeTarget;
			buildConfigurationList = 5ED18967242C35F3007E4B2B /* Build configuration list for PBXNativeTarget "githubInfoUITests" */;
			buildPhases = (
				D94E0E60B2675F6C7B6C68F8 /* [CP] Check Pods Manifest.lock */,
				5ED18954242C35F3007E4B2B /* Sources */,
				5ED18955242C35F3007E4B2B /* Frameworks */,
				5ED18956242C35F3007E4B2B /* Resources */,
			);
			buildRules = (
			);
			dependencies = (
				5ED1895A242C35F3007E4B2B /* PBXTargetDependency */,
			);
			name = githubInfoUITests;
			productName = githubInfoUITests;
			productReference = 5ED18958242C35F3007E4B2B /* githubInfoUITests.xctest */;
			productType = "com.apple.product-type.bundle.ui-testing";
		};
/* End PBXNativeTarget section */

/* Begin PBXProject section */
		5ED1892A242C35F1007E4B2B /* Project object */ = {
			isa = PBXProject;
			attributes = {
				LastUpgradeCheck = 1120;
				ORGANIZATIONNAME = cch;
				TargetAttributes = {
					5ED18931242C35F1007E4B2B = {
						CreatedOnToolsVersion = 11.2.1;
					};
					5ED1894C242C35F3007E4B2B = {
						CreatedOnToolsVersion = 11.2.1;
						TestTargetID = 5ED18931242C35F1007E4B2B;
					};
					5ED18957242C35F3007E4B2B = {
						CreatedOnToolsVersion = 11.2.1;
						TestTargetID = 5ED18931242C35F1007E4B2B;
					};
				};
			};
			buildConfigurationList = 5ED1892D242C35F1007E4B2B /* Build configuration list for PBXProject "githubInfo" */;
			compatibilityVersion = "Xcode 9.3";
			developmentRegion = en;
			hasScannedForEncodings = 0;
			knownRegions = (
				en,
				Base,
			);
			mainGroup = 5ED18929242C35F1007E4B2B;
			productRefGroup = 5ED18933242C35F1007E4B2B /* Products */;
			projectDirPath = "";
			projectRoot = "";
			targets = (
				5ED18931242C35F1007E4B2B /* githubInfo */,
				5ED1894C242C35F3007E4B2B /* githubInfoTests */,
				5ED18957242C35F3007E4B2B /* githubInfoUITests */,
			);
		};
/* End PBXProject section */

/* Begin PBXResourcesBuildPhase section */
		5ED18930242C35F1007E4B2B /* Resources */ = {
			isa = PBXResourcesBuildPhase;
			buildActionMask = 2147483647;
			files = (
				5ED18945242C35F3007E4B2B /* LaunchScreen.storyboard in Resources */,
				5ED18942242C35F3007E4B2B /* Assets.xcassets in Resources */,
				5ED18940242C35F1007E4B2B /* Main.storyboard in Resources */,
			);
			runOnlyForDeploymentPostprocessing = 0;
		};
		5ED1894B242C35F3007E4B2B /* Resources */ = {
			isa = PBXResourcesBuildPhase;
			buildActionMask = 2147483647;
			files = (
			);
			runOnlyForDeploymentPostprocessing = 0;
		};
		5ED18956242C35F3007E4B2B /* Resources */ = {
			isa = PBXResourcesBuildPhase;
			buildActionMask = 2147483647;
			files = (
			);
			runOnlyForDeploymentPostprocessing = 0;
		};
/* End PBXResourcesBuildPhase section */

/* Begin PBXShellScriptBuildPhase section */
		157BEECF8A704546E5423C92 /* [CP] Check Pods Manifest.lock */ = {
			isa = PBXShellScriptBuildPhase;
			buildActionMask = 2147483647;
			files = (
			);
			inputPaths = (
				"${PODS_PODFILE_DIR_PATH}/Podfile.lock",
				"${PODS_ROOT}/Manifest.lock",
			);
			name = "[CP] Check Pods Manifest.lock";
			outputPaths = (
				"$(DERIVED_FILE_DIR)/Pods-githubInfo-checkManifestLockResult.txt",
			);
			runOnlyForDeploymentPostprocessing = 0;
			shellPath = /bin/sh;
			shellScript = "diff \"${PODS_PODFILE_DIR_PATH}/Podfile.lock\" \"${PODS_ROOT}/Manifest.lock\" > /dev/null\nif [ $? != 0 ] ; then\n    # print error to STDERR\n    echo \"error: The sandbox is not in sync with the Podfile.lock. Run 'pod install' or update your CocoaPods installation.\" >&2\n    exit 1\nfi\n# This output is used by Xcode 'outputs' to avoid re-running this script phase.\necho \"SUCCESS\" > \"${SCRIPT_OUTPUT_FILE_0}\"\n";
			showEnvVarsInLog = 0;
		};
		D94E0E60B2675F6C7B6C68F8 /* [CP] Check Pods Manifest.lock */ = {
			isa = PBXShellScriptBuildPhase;
			buildActionMask = 2147483647;
			files = (
			);
			inputPaths = (
				"${PODS_PODFILE_DIR_PATH}/Podfile.lock",
				"${PODS_ROOT}/Manifest.lock",
			);
			name = "[CP] Check Pods Manifest.lock";
			outputPaths = (
				"$(DERIVED_FILE_DIR)/Pods-githubInfoUITests-checkManifestLockResult.txt",
			);
			runOnlyForDeploymentPostprocessing = 0;
			shellPath = /bin/sh;
			shellScript = "diff \"${PODS_PODFILE_DIR_PATH}/Podfile.lock\" \"${PODS_ROOT}/Manifest.lock\" > /dev/null\nif [ $? != 0 ] ; then\n    # print error to STDERR\n    echo \"error: The sandbox is not in sync with the Podfile.lock. Run 'pod install' or update your CocoaPods installation.\" >&2\n    exit 1\nfi\n# This output is used by Xcode 'outputs' to avoid re-running this script phase.\necho \"SUCCESS\" > \"${SCRIPT_OUTPUT_FILE_0}\"\n";
			showEnvVarsInLog = 0;
		};
		EC783C864031164D973715C0 /* [CP] Check Pods Manifest.lock */ = {
			isa = PBXShellScriptBuildPhase;
			buildActionMask = 2147483647;
			files = (
			);
			inputPaths = (
				"${PODS_PODFILE_DIR_PATH}/Podfile.lock",
				"${PODS_ROOT}/Manifest.lock",
			);
			name = "[CP] Check Pods Manifest.lock";
			outputPaths = (
				"$(DERIVED_FILE_DIR)/Pods-githubInfoTests-checkManifestLockResult.txt",
			);
			runOnlyForDeploymentPostprocessing = 0;
			shellPath = /bin/sh;
			shellScript = "diff \"${PODS_PODFILE_DIR_PATH}/Podfile.lock\" \"${PODS_ROOT}/Manifest.lock\" > /dev/null\nif [ $? != 0 ] ; then\n    # print error to STDERR\n    echo \"error: The sandbox is not in sync with the Podfile.lock. Run 'pod install' or update your CocoaPods installation.\" >&2\n    exit 1\nfi\n# This output is used by Xcode 'outputs' to avoid re-running this script phase.\necho \"SUCCESS\" > \"${SCRIPT_OUTPUT_FILE_0}\"\n";
			showEnvVarsInLog = 0;
		};
/* End PBXShellScriptBuildPhase section */

/* Begin PBXSourcesBuildPhase section */
		5ED1892E242C35F1007E4B2B /* Sources */ = {
			isa = PBXSourcesBuildPhase;
			buildActionMask = 2147483647;
			files = (
				5ED1893D242C35F1007E4B2B /* EntranceController.m in Sources */,
				5ED18937242C35F1007E4B2B /* AppDelegate.m in Sources */,
				5ED18948242C35F3007E4B2B /* main.m in Sources */,
				5ED1893A242C35F1007E4B2B /* SceneDelegate.m in Sources */,
			);
			runOnlyForDeploymentPostprocessing = 0;
		};
		5ED18949242C35F3007E4B2B /* Sources */ = {
			isa = PBXSourcesBuildPhase;
			buildActionMask = 2147483647;
			files = (
				5ED18952242C35F3007E4B2B /* githubInfoTests.m in Sources */,
			);
			runOnlyForDeploymentPostprocessing = 0;
		};
		5ED18954242C35F3007E4B2B /* Sources */ = {
			isa = PBXSourcesBuildPhase;
			buildActionMask = 2147483647;
			files = (
				5ED1895D242C35F3007E4B2B /* githubInfoUITests.m in Sources */,
			);
			runOnlyForDeploymentPostprocessing = 0;
		};
/* End PBXSourcesBuildPhase section */

/* Begin PBXTargetDependency section */
		5ED1894F242C35F3007E4B2B /* PBXTargetDependency */ = {
			isa = PBXTargetDependency;
			target = 5ED18931242C35F1007E4B2B /* githubInfo */;
			targetProxy = 5ED1894E242C35F3007E4B2B /* PBXContainerItemProxy */;
		};
		5ED1895A242C35F3007E4B2B /* PBXTargetDependency */ = {
			isa = PBXTargetDependency;
			target = 5ED18931242C35F1007E4B2B /* githubInfo */;
			targetProxy = 5ED18959242C35F3007E4B2B /* PBXContainerItemProxy */;
		};
/* End PBXTargetDependency section */

/* Begin PBXVariantGroup section */
		5ED1893E242C35F1007E4B2B /* Main.storyboard */ = {
			isa = PBXVariantGroup;
			children = (
				5ED1893F242C35F1007E4B2B /* Base */,
			);
			name = Main.storyboard;
			sourceTree = "<group>";
		};
		5ED18943242C35F3007E4B2B /* LaunchScreen.storyboard */ = {
			isa = PBXVariantGroup;
			children = (
				5ED18944242C35F3007E4B2B /* Base */,
			);
			name = LaunchScreen.storyboard;
			sourceTree = "<group>";
		};
/* End PBXVariantGroup section */

/* Begin XCBuildConfiguration section */
		5ED1895F242C35F3007E4B2B /* Debug */ = {
			isa = XCBuildConfiguration;
			buildSettings = {
				ALWAYS_SEARCH_USER_PATHS = NO;
				CLANG_ANALYZER_NONNULL = YES;
				CLANG_ANALYZER_NUMBER_OBJECT_CONVERSION = YES_AGGRESSIVE;
				CLANG_CXX_LANGUAGE_STANDARD = "gnu++14";
				CLANG_CXX_LIBRARY = "libc++";
				CLANG_ENABLE_MODULES = YES;
				CLANG_ENABLE_OBJC_ARC = YES;
				CLANG_ENABLE_OBJC_WEAK = YES;
				CLANG_WARN_BLOCK_CAPTURE_AUTORELEASING = YES;
				CLANG_WARN_BOOL_CONVERSION = YES;
				CLANG_WARN_COMMA = YES;
				CLANG_WARN_CONSTANT_CONVERSION = YES;
				CLANG_WARN_DEPRECATED_OBJC_IMPLEMENTATIONS = YES;
				CLANG_WARN_DIRECT_OBJC_ISA_USAGE = YES_ERROR;
				CLANG_WARN_DOCUMENTATION_COMMENTS = YES;
				CLANG_WARN_EMPTY_BODY = YES;
				CLANG_WARN_ENUM_CONVERSION = YES;
				CLANG_WARN_INFINITE_RECURSION = YES;
				CLANG_WARN_INT_CONVERSION = YES;
				CLANG_WARN_NON_LITERAL_NULL_CONVERSION = YES;
				CLANG_WARN_OBJC_IMPLICIT_RETAIN_SELF = YES;
				CLANG_WARN_OBJC_LITERAL_CONVERSION = YES;
				CLANG_WARN_OBJC_ROOT_CLASS = YES_ERROR;
				CLANG_WARN_RANGE_LOOP_ANALYSIS = YES;
				CLANG_WARN_STRICT_PROTOTYPES = YES;
				CLANG_WARN_SUSPICIOUS_MOVE = YES;
				CLANG_WARN_UNGUARDED_AVAILABILITY = YES_AGGRESSIVE;
				CLANG_WARN_UNREACHABLE_CODE = YES;
				CLANG_WARN__DUPLICATE_METHOD_MATCH = YES;
				COPY_PHASE_STRIP = NO;
				DEBUG_INFORMATION_FORMAT = dwarf;
				ENABLE_STRICT_OBJC_MSGSEND = YES;
				ENABLE_TESTABILITY = YES;
				GCC_C_LANGUAGE_STANDARD = gnu11;
				GCC_DYNAMIC_NO_PIC = NO;
				GCC_NO_COMMON_BLOCKS = YES;
				GCC_OPTIMIZATION_LEVEL = 0;
				GCC_PREPROCESSOR_DEFINITIONS = (
					"DEBUG=1",
					"$(inherited)",
				);
				GCC_WARN_64_TO_32_BIT_CONVERSION = YES;
				GCC_WARN_ABOUT_RETURN_TYPE = YES_ERROR;
				GCC_WARN_UNDECLARED_SELECTOR = YES;
				GCC_WARN_UNINITIALIZED_AUTOS = YES_AGGRESSIVE;
				GCC_WARN_UNUSED_FUNCTION = YES;
				GCC_WARN_UNUSED_VARIABLE = YES;
				IPHONEOS_DEPLOYMENT_TARGET = 13.2;
				MTL_ENABLE_DEBUG_INFO = INCLUDE_SOURCE;
				MTL_FAST_MATH = YES;
				ONLY_ACTIVE_ARCH = YES;
				SDKROOT = iphoneos;
			};
			name = Debug;
		};
		5ED18960242C35F3007E4B2B /* Release */ = {
			isa = XCBuildConfiguration;
			buildSettings = {
				ALWAYS_SEARCH_USER_PATHS = NO;
				CLANG_ANALYZER_NONNULL = YES;
				CLANG_ANALYZER_NUMBER_OBJECT_CONVERSION = YES_AGGRESSIVE;
				CLANG_CXX_LANGUAGE_STANDARD = "gnu++14";
				CLANG_CXX_LIBRARY = "libc++";
				CLANG_ENABLE_MODULES = YES;
				CLANG_ENABLE_OBJC_ARC = YES;
				CLANG_ENABLE_OBJC_WEAK = YES;
				CLANG_WARN_BLOCK_CAPTURE_AUTORELEASING = YES;
				CLANG_WARN_BOOL_CONVERSION = YES;
				CLANG_WARN_COMMA = YES;
				CLANG_WARN_CONSTANT_CONVERSION = YES;
				CLANG_WARN_DEPRECATED_OBJC_IMPLEMENTATIONS = YES;
				CLANG_WARN_DIRECT_OBJC_ISA_USAGE = YES_ERROR;
				CLANG_WARN_DOCUMENTATION_COMMENTS = YES;
				CLANG_WARN_EMPTY_BODY = YES;
				CLANG_WARN_ENUM_CONVERSION = YES;
				CLANG_WARN_INFINITE_RECURSION = YES;
				CLANG_WARN_INT_CONVERSION = YES;
				CLANG_WARN_NON_LITERAL_NULL_CONVERSION = YES;
				CLANG_WARN_OBJC_IMPLICIT_RETAIN_SELF = YES;
				CLANG_WARN_OBJC_LITERAL_CONVERSION = YES;
				CLANG_WARN_OBJC_ROOT_CLASS = YES_ERROR;
				CLANG_WARN_RANGE_LOOP_ANALYSIS = YES;
				CLANG_WARN_STRICT_PROTOTYPES = YES;
				CLANG_WARN_SUSPICIOUS_MOVE = YES;
				CLANG_WARN_UNGUARDED_AVAILABILITY = YES_AGGRESSIVE;
				CLANG_WARN_UNREACHABLE_CODE = YES;
				CLANG_WARN__DUPLICATE_METHOD_MATCH = YES;
				COPY_PHASE_STRIP = NO;
				DEBUG_INFORMATION_FORMAT = "dwarf-with-dsym";
				ENABLE_NS_ASSERTIONS = NO;
				ENABLE_STRICT_OBJC_MSGSEND = YES;
				GCC_C_LANGUAGE_STANDARD = gnu11;
				GCC_NO_COMMON_BLOCKS = YES;
				GCC_WARN_64_TO_32_BIT_CONVERSION = YES;
				GCC_WARN_ABOUT_RETURN_TYPE = YES_ERROR;
				GCC_WARN_UNDECLARED_SELECTOR = YES;
				GCC_WARN_UNINITIALIZED_AUTOS = YES_AGGRESSIVE;
				GCC_WARN_UNUSED_FUNCTION = YES;
				GCC_WARN_UNUSED_VARIABLE = YES;
				IPHONEOS_DEPLOYMENT_TARGET = 13.2;
				MTL_ENABLE_DEBUG_INFO = NO;
				MTL_FAST_MATH = YES;
				SDKROOT = iphoneos;
				VALIDATE_PRODUCT = YES;
			};
			name = Release;
		};
		5ED18962242C35F3007E4B2B /* Debug */ = {
			isa = XCBuildConfiguration;
			baseConfigurationReference = 8773F7CCA10521F164F266E3 /* Pods-githubInfo.debug.xcconfig */;
			buildSettings = {
				ASSETCATALOG_COMPILER_APPICON_NAME = AppIcon;
				CODE_SIGN_STYLE = Automatic;
				INFOPLIST_FILE = githubInfo/Info.plist;
				LD_RUNPATH_SEARCH_PATHS = (
					"$(inherited)",
					"@executable_path/Frameworks",
				);
				LIBRARY_SEARCH_PATHS = "$(SRCROOT)/Pods";
				PRODUCT_BUNDLE_IDENTIFIER = Jason.githubInfo;
				PRODUCT_NAME = "$(TARGET_NAME)";
				REZ_SEARCH_PATHS = "";
				TARGETED_DEVICE_FAMILY = "1,2";
			};
			name = Debug;
		};
		5ED18963242C35F3007E4B2B /* Release */ = {
			isa = XCBuildConfiguration;
			baseConfigurationReference = 14C18325410DF43E62A0E2A4 /* Pods-githubInfo.release.xcconfig */;
			buildSettings = {
				ASSETCATALOG_COMPILER_APPICON_NAME = AppIcon;
				CODE_SIGN_STYLE = Automatic;
				INFOPLIST_FILE = githubInfo/Info.plist;
				LD_RUNPATH_SEARCH_PATHS = (
					"$(inherited)",
					"@executable_path/Frameworks",
				);
				LIBRARY_SEARCH_PATHS = "$(SRCROOT)/Pods";
				PRODUCT_BUNDLE_IDENTIFIER = Jason.githubInfo;
				PRODUCT_NAME = "$(TARGET_NAME)";
				REZ_SEARCH_PATHS = "";
				TARGETED_DEVICE_FAMILY = "1,2";
			};
			name = Release;
		};
		5ED18965242C35F3007E4B2B /* Debug */ = {
			isa = XCBuildConfiguration;
			baseConfigurationReference = 707B0BD63CEA60B8FE05B509 /* Pods-githubInfoTests.debug.xcconfig */;
			buildSettings = {
				BUNDLE_LOADER = "$(TEST_HOST)";
				CODE_SIGN_STYLE = Automatic;
				INFOPLIST_FILE = githubInfoTests/Info.plist;
				IPHONEOS_DEPLOYMENT_TARGET = 13.2;
				LD_RUNPATH_SEARCH_PATHS = (
					"$(inherited)",
					"@executable_path/Frameworks",
					"@loader_path/Frameworks",
				);
				PRODUCT_BUNDLE_IDENTIFIER = Jason.githubInfoTests;
				PRODUCT_NAME = "$(TARGET_NAME)";
				TARGETED_DEVICE_FAMILY = "1,2";
				TEST_HOST = "$(BUILT_PRODUCTS_DIR)/githubInfo.app/githubInfo";
			};
			name = Debug;
		};
		5ED18966242C35F3007E4B2B /* Release */ = {
			isa = XCBuildConfiguration;
			baseConfigurationReference = 3BC833C863E69BBBB4986919 /* Pods-githubInfoTests.release.xcconfig */;
			buildSettings = {
				BUNDLE_LOADER = "$(TEST_HOST)";
				CODE_SIGN_STYLE = Automatic;
				INFOPLIST_FILE = githubInfoTests/Info.plist;
				IPHONEOS_DEPLOYMENT_TARGET = 13.2;
				LD_RUNPATH_SEARCH_PATHS = (
					"$(inherited)",
					"@executable_path/Frameworks",
					"@loader_path/Frameworks",
				);
				PRODUCT_BUNDLE_IDENTIFIER = Jason.githubInfoTests;
				PRODUCT_NAME = "$(TARGET_NAME)";
				TARGETED_DEVICE_FAMILY = "1,2";
				TEST_HOST = "$(BUILT_PRODUCTS_DIR)/githubInfo.app/githubInfo";
			};
			name = Release;
		};
		5ED18968242C35F3007E4B2B /* Debug */ = {
			isa = XCBuildConfiguration;
			baseConfigurationReference = 401F9B6F0827363E4AF0285C /* Pods-githubInfoUITests.debug.xcconfig */;
			buildSettings = {
				CODE_SIGN_STYLE = Automatic;
				INFOPLIST_FILE = githubInfoUITests/Info.plist;
				LD_RUNPATH_SEARCH_PATHS = (
					"$(inherited)",
					"@executable_path/Frameworks",
					"@loader_path/Frameworks",
				);
				PRODUCT_BUNDLE_IDENTIFIER = Jason.githubInfoUITests;
				PRODUCT_NAME = "$(TARGET_NAME)";
				TARGETED_DEVICE_FAMILY = "1,2";
				TEST_TARGET_NAME = githubInfo;
			};
			name = Debug;
		};
		5ED18969242C35F3007E4B2B /* Release */ = {
			isa = XCBuildConfiguration;
			baseConfigurationReference = 1848502DB759AF5D79487419 /* Pods-githubInfoUITests.release.xcconfig */;
			buildSettings = {
				CODE_SIGN_STYLE = Automatic;
				INFOPLIST_FILE = githubInfoUITests/Info.plist;
				LD_RUNPATH_SEARCH_PATHS = (
					"$(inherited)",
					"@executable_path/Frameworks",
					"@loader_path/Frameworks",
				);
				PRODUCT_BUNDLE_IDENTIFIER = Jason.githubInfoUITests;
				PRODUCT_NAME = "$(TARGET_NAME)";
				TARGETED_DEVICE_FAMILY = "1,2";
				TEST_TARGET_NAME = githubInfo;
			};
			name = Release;
		};
/* End XCBuildConfiguration section */

/* Begin XCConfigurationList section */
		5ED1892D242C35F1007E4B2B /* Build configuration list for PBXProject "githubInfo" */ = {
			isa = XCConfigurationList;
			buildConfigurations = (
				5ED1895F242C35F3007E4B2B /* Debug */,
				5ED18960242C35F3007E4B2B /* Release */,
			);
			defaultConfigurationIsVisible = 0;
			defaultConfigurationName = Release;
		};
		5ED18961242C35F3007E4B2B /* Build configuration list for PBXNativeTarget "githubInfo" */ = {
			isa = XCConfigurationList;
			buildConfigurations = (
				5ED18962242C35F3007E4B2B /* Debug */,
				5ED18963242C35F3007E4B2B /* Release */,
			);
			defaultConfigurationIsVisible = 0;
			defaultConfigurationName = Release;
		};
		5ED18964242C35F3007E4B2B /* Build configuration list for PBXNativeTarget "githubInfoTests" */ = {
			isa = XCConfigurationList;
			buildConfigurations = (
				5ED18965242C35F3007E4B2B /* Debug */,
				5ED18966242C35F3007E4B2B /* Release */,
			);
			defaultConfigurationIsVisible = 0;
			defaultConfigurationName = Release;
		};
		5ED18967242C35F3007E4B2B /* Build configuration list for PBXNativeTarget "githubInfoUITests" */ = {
			isa = XCConfigurationList;
			buildConfigurations = (
				5ED18968242C35F3007E4B2B /* Debug */,
				5ED18969242C35F3007E4B2B /* Release */,
			);
			defaultConfigurationIsVisible = 0;
			defaultConfigurationName = Release;
		};
/* End XCConfigurationList section */
	};
	rootObject = 5ED1892A242C35F1007E4B2B /* Project object */;
}
