PODS:
  - AFNetworking (3.2.1):
    - AFNetworking/NSURLSession (= 3.2.1)
    - AFNetworking/Reachability (= 3.2.1)
    - AFNetworking/Security (= 3.2.1)
    - AFNetworking/Serialization (= 3.2.1)
    - AFNetworking/UIKit (= 3.2.1)
  - AFNetworking/NSURLSession (3.2.1):
    - AFNetworking/Reachability
    - AFNetworking/Security
    - AFNetworking/Serialization
  - AFNetworking/Reachability (3.2.1)
  - AFNetworking/Security (3.2.1)
  - AFNetworking/Serialization (3.2.1)
  - AFNetworking/UIKit (3.2.1):
    - AFNetworking/NSURLSession
  - JSONModel (1.8.0)
  - MBProgressHUD (1.2.0)
  - SDWebImage (5.2.3):
    - SDWebImage/Core (= 5.2.3)
  - SDWebImage/Core (5.2.3)

DEPENDENCIES:
  - AFNetworking (~> 3.0)
  - JSONModel
  - MBProgressHUD (~> 1.2.0)
  - SDWebImage

SPEC REPOS:
  https://github.com/cocoapods/specs.git:
    - AFNetworking
    - JSONModel
    - MBProgressHUD
    - SDWebImage

SPEC CHECKSUMS:
  AFNetworking: b6f891fdfaed196b46c7a83cf209e09697b94057
  JSONModel: 02ab723958366a3fd27da57ea2af2113658762e9
  MBProgressHUD: 3ee5efcc380f6a79a7cc9b363dd669c5e1ae7406
  SDWebImage: 46a7f73228f84ce80990c786e4372cf4db5875ce

PODFILE CHECKSUM: 4bcf1e703117bfe856be0ec4f46f893cced620ac

COCOAPODS: 1.5.3
