// !$*UTF8*$!
{
	archiveVersion = 1;
	classes = {
	};
	objectVersion = 50;
	objects = {

/* Begin PBXBuildFile section */
		5E16821324299CD2000E16BC /* libAFNetworking.a in Frameworks */ = {isa = PBXBuildFile; fileRef = 5E16821224299CD2000E16BC /* libAFNetworking.a */; };
		5E16821624299E72000E16BC /* OwnerModel.m in Sources */ = {isa = PBXBuildFile; fileRef = 5E16821524299E72000E16BC /* OwnerModel.m */; };
		5E1682182429A07A000E16BC /* libJSONModel.a in Frameworks */ = {isa = PBXBuildFile; fileRef = 5E1682172429A07A000E16BC /* libJSONModel.a */; };
		5E16821A2429ADB0000E16BC /* libSDWebImage.a in Frameworks */ = {isa = PBXBuildFile; fileRef = 5E1682192429ADB0000E16BC /* libSDWebImage.a */; };
		5E16821E2429B2BB000E16BC /* TableViewDataViewModel.m in Sources */ = {isa = PBXBuildFile; fileRef = 5E16821D2429B2BB000E16BC /* TableViewDataViewModel.m */; };
		5E1682222429BA3B000E16BC /* photo.png in Resources */ = {isa = PBXBuildFile; fileRef = 5E1682212429BA3B000E16BC /* photo.png */; };
		5E1682262429E427000E16BC /* PersonInfoController.m in Sources */ = {isa = PBXBuildFile; fileRef = 5E1682252429E427000E16BC /* PersonInfoController.m */; };
		5E16822A2429E738000E16BC /* Location.png in Resources */ = {isa = PBXBuildFile; fileRef = 5E1682272429E737000E16BC /* Location.png */; };
		5E16822B2429E738000E16BC /* user.png in Resources */ = {isa = PBXBuildFile; fileRef = 5E1682282429E738000E16BC /* user.png */; };
		5E16822C2429E738000E16BC /* Link.png in Resources */ = {isa = PBXBuildFile; fileRef = 5E1682292429E738000E16BC /* Link.png */; };
		5E4DE0CA242885F100835395 /* AppDelegate.m in Sources */ = {isa = PBXBuildFile; fileRef = 5E4DE0C9242885F100835395 /* AppDelegate.m */; };
		5E4DE0CD242885F100835395 /* SceneDelegate.m in Sources */ = {isa = PBXBuildFile; fileRef = 5E4DE0CC242885F100835395 /* SceneDelegate.m */; };
		5E4DE0D0242885F100835395 /* EntranceController.m in Sources */ = {isa = PBXBuildFile; fileRef = 5E4DE0CF242885F100835395 /* EntranceController.m */; };
		5E4DE0D3242885F100835395 /* Main.storyboard in Resources */ = {isa = PBXBuildFile; fileRef = 5E4DE0D1242885F100835395 /* Main.storyboard */; };
		5E4DE0D5242885F500835395 /* Assets.xcassets in Resources */ = {isa = PBXBuildFile; fileRef = 5E4DE0D4242885F500835395 /* Assets.xcassets */; };
		5E4DE0D8242885F500835395 /* LaunchScreen.storyboard in Resources */ = {isa = PBXBuildFile; fileRef = 5E4DE0D6242885F500835395 /* LaunchScreen.storyboard */; };
		5E4DE0DB242885F500835395 /* main.m in Sources */ = {isa = PBXBuildFile; fileRef = 5E4DE0DA242885F500835395 /* main.m */; };
		5E4DE0E5242885F500835395 /* githubInfoTests.m in Sources */ = {isa = PBXBuildFile; fileRef = 5E4DE0E4242885F500835395 /* githubInfoTests.m */; };
		5E4DE0F0242885F500835395 /* githubInfoUITests.m in Sources */ = {isa = PBXBuildFile; fileRef = 5E4DE0EF242885F500835395 /* githubInfoUITests.m */; };
		5E7155E12429FD49005E23BB /* SingleFileModel.m in Sources */ = {isa = PBXBuildFile; fileRef = 5E7155E02429FD49005E23BB /* SingleFileModel.m */; };
		5E7155E3242A0C35005E23BB /* libMBProgressHUD.a in Frameworks */ = {isa = PBXBuildFile; fileRef = 5E7155E2242A0C35005E23BB /* libMBProgressHUD.a */; };
		5ED254E92428B3B6005969D2 /* EntranceControllerCell.m in Sources */ = {isa = PBXBuildFile; fileRef = 5ED254E82428B3B6005969D2 /* EntranceControllerCell.m */; };
		9659612E04E29551C453378A /* libPods-githubInfoUITests.a in Frameworks */ = {isa = PBXBuildFile; fileRef = 83E4D980CAE9C28D021674DA /* libPods-githubInfoUITests.a */; };
		B2A883C5B7EFF50F7808565D /* libPods-githubInfoTests.a in Frameworks */ = {isa = PBXBuildFile; fileRef = 28B033A3DBBB79548CCD1897 /* libPods-githubInfoTests.a */; };
		DEA29A4DED0805FD13681428 /* libPods-githubInfo.a in Frameworks */ = {isa = PBXBuildFile; fileRef = F86D5CE93045900792F2B524 /* libPods-githubInfo.a */; };
/* End PBXBuildFile section */

/* Begin PBXContainerItemProxy section */
		5E4DE0E1242885F500835395 /* PBXContainerItemProxy */ = {
			isa = PBXContainerItemProxy;
			containerPortal = 5E4DE0BD242885F100835395 /* Project object */;
			proxyType = 1;
			remoteGlobalIDString = 5E4DE0C4242885F100835395;
			remoteInfo = githubInfo;
		};
		5E4DE0EC242885F500835395 /* PBXContainerItemProxy */ = {
			isa = PBXContainerItemProxy;
			containerPortal = 5E4DE0BD242885F100835395 /* Project object */;
			proxyType = 1;
			remoteGlobalIDString = 5E4DE0C4242885F100835395;
			remoteInfo = githubInfo;
		};
/* End PBXContainerItemProxy section */

/* Begin PBXFileReference section */
		142FB07258CB45837608523D /* Pods-githubInfo.debug.xcconfig */ = {isa = PBXFileReference; includeInIndex = 1; lastKnownFileType = text.xcconfig; name = "Pods-githubInfo.debug.xcconfig"; path = "Pods/Target Support Files/Pods-githubInfo/Pods-githubInfo.debug.xcconfig"; sourceTree = "<group>"; };
		28B033A3DBBB79548CCD1897 /* libPods-githubInfoTests.a */ = {isa = PBXFileReference; explicitFileType = archive.ar; includeInIndex = 0; path = "libPods-githubInfoTests.a"; sourceTree = BUILT_PRODUCTS_DIR; };
		31AEF38954161BE4A8AC896C /* Pods-githubInfoTests.debug.xcconfig */ = {isa = PBXFileReference; includeInIndex = 1; lastKnownFileType = text.xcconfig; name = "Pods-githubInfoTests.debug.xcconfig"; path = "Pods/Target Support Files/Pods-githubInfoTests/Pods-githubInfoTests.debug.xcconfig"; sourceTree = "<group>"; };
		3926F453C7493319530C201B /* Pods-githubInfo.release.xcconfig */ = {isa = PBXFileReference; includeInIndex = 1; lastKnownFileType = text.xcconfig; name = "Pods-githubInfo.release.xcconfig"; path = "Pods/Target Support Files/Pods-githubInfo/Pods-githubInfo.release.xcconfig"; sourceTree = "<group>"; };
		40A2B82B7A2AE85CFDCC536E /* Pods-githubInfoUITests.debug.xcconfig */ = {isa = PBXFileReference; includeInIndex = 1; lastKnownFileType = text.xcconfig; name = "Pods-githubInfoUITests.debug.xcconfig"; path = "Pods/Target Support Files/Pods-githubInfoUITests/Pods-githubInfoUITests.debug.xcconfig"; sourceTree = "<group>"; };
		5E16821224299CD2000E16BC /* libAFNetworking.a */ = {isa = PBXFileReference; explicitFileType = archive.ar; path = libAFNetworking.a; sourceTree = BUILT_PRODUCTS_DIR; };
		5E16821424299E72000E16BC /* OwnerModel.h */ = {isa = PBXFileReference; lastKnownFileType = sourcecode.c.h; path = OwnerModel.h; sourceTree = "<group>"; };
		5E16821524299E72000E16BC /* OwnerModel.m */ = {isa = PBXFileReference; lastKnownFileType = sourcecode.c.objc; path = OwnerModel.m; sourceTree = "<group>"; };
		5E1682172429A07A000E16BC /* libJSONModel.a */ = {isa = PBXFileReference; explicitFileType = archive.ar; path = libJSONModel.a; sourceTree = BUILT_PRODUCTS_DIR; };
		5E1682192429ADB0000E16BC /* libSDWebImage.a */ = {isa = PBXFileReference; explicitFileType = archive.ar; path = libSDWebImage.a; sourceTree = BUILT_PRODUCTS_DIR; };
		5E16821C2429B2BB000E16BC /* TableViewDataViewModel.h */ = {isa = PBXFileReference; lastKnownFileType = sourcecode.c.h; path = TableViewDataViewModel.h; sourceTree = "<group>"; };
		5E16821D2429B2BB000E16BC /* TableViewDataViewModel.m */ = {isa = PBXFileReference; lastKnownFileType = sourcecode.c.objc; path = TableViewDataViewModel.m; sourceTree = "<group>"; };
		5E1682212429BA3B000E16BC /* photo.png */ = {isa = PBXFileReference; lastKnownFileType = image.png; path = photo.png; sourceTree = "<group>"; };
		5E1682242429E427000E16BC /* PersonInfoController.h */ = {isa = PBXFileReference; lastKnownFileType = sourcecode.c.h; path = PersonInfoController.h; sourceTree = "<group>"; };
		5E1682252429E427000E16BC /* PersonInfoController.m */ = {isa = PBXFileReference; lastKnownFileType = sourcecode.c.objc; path = PersonInfoController.m; sourceTree = "<group>"; };
		5E1682272429E737000E16BC /* Location.png */ = {isa = PBXFileReference; lastKnownFileType = image.png; path = Location.png; sourceTree = "<group>"; };
		5E1682282429E738000E16BC /* user.png */ = {isa = PBXFileReference; lastKnownFileType = image.png; path = user.png; sourceTree = "<group>"; };
		5E1682292429E738000E16BC /* Link.png */ = {isa = PBXFileReference; lastKnownFileType = image.png; path = Link.png; sourceTree = "<group>"; };
		5E4DE0C5242885F100835395 /* githubInfo.app */ = {isa = PBXFileReference; explicitFileType = wrapper.application; includeInIndex = 0; path = githubInfo.app; sourceTree = BUILT_PRODUCTS_DIR; };
		5E4DE0C8242885F100835395 /* AppDelegate.h */ = {isa = PBXFileReference; lastKnownFileType = sourcecode.c.h; path = AppDelegate.h; sourceTree = "<group>"; };
		5E4DE0C9242885F100835395 /* AppDelegate.m */ = {isa = PBXFileReference; lastKnownFileType = sourcecode.c.objc; path = AppDelegate.m; sourceTree = "<group>"; };
		5E4DE0CB242885F100835395 /* SceneDelegate.h */ = {isa = PBXFileReference; lastKnownFileType = sourcecode.c.h; path = SceneDelegate.h; sourceTree = "<group>"; };
		5E4DE0CC242885F100835395 /* SceneDelegate.m */ = {isa = PBXFileReference; lastKnownFileType = sourcecode.c.objc; path = SceneDelegate.m; sourceTree = "<group>"; };
		5E4DE0CE242885F100835395 /* EntranceController.h */ = {isa = PBXFileReference; lastKnownFileType = sourcecode.c.h; path = EntranceController.h; sourceTree = "<group>"; };
		5E4DE0CF242885F100835395 /* EntranceController.m */ = {isa = PBXFileReference; lastKnownFileType = sourcecode.c.objc; path = EntranceController.m; sourceTree = "<group>"; };
		5E4DE0D2242885F100835395 /* Base */ = {isa = PBXFileReference; lastKnownFileType = file.storyboard; name = Base; path = Base.lproj/Main.storyboard; sourceTree = "<group>"; };
		5E4DE0D4242885F500835395 /* Assets.xcassets */ = {isa = PBXFileReference; lastKnownFileType = folder.assetcatalog; path = Assets.xcassets; sourceTree = "<group>"; };
		5E4DE0D7242885F500835395 /* Base */ = {isa = PBXFileReference; lastKnownFileType = file.storyboard; name = Base; path = Base.lproj/LaunchScreen.storyboard; sourceTree = "<group>"; };
		5E4DE0D9242885F500835395 /* Info.plist */ = {isa = PBXFileReference; lastKnownFileType = text.plist.xml; path = Info.plist; sourceTree = "<group>"; };
		5E4DE0DA242885F500835395 /* main.m */ = {isa = PBXFileReference; lastKnownFileType = sourcecode.c.objc; path = main.m; sourceTree = "<group>"; };
		5E4DE0E0242885F500835395 /* githubInfoTests.xctest */ = {isa = PBXFileReference; explicitFileType = wrapper.cfbundle; includeInIndex = 0; path = githubInfoTests.xctest; sourceTree = BUILT_PRODUCTS_DIR; };
		5E4DE0E4242885F500835395 /* githubInfoTests.m */ = {isa = PBXFileReference; lastKnownFileType = sourcecode.c.objc; path = githubInfoTests.m; sourceTree = "<group>"; };
		5E4DE0E6242885F500835395 /* Info.plist */ = {isa = PBXFileReference; lastKnownFileType = text.plist.xml; path = Info.plist; sourceTree = "<group>"; };
		5E4DE0EB242885F500835395 /* githubInfoUITests.xctest */ = {isa = PBXFileReference; explicitFileType = wrapper.cfbundle; includeInIndex = 0; path = githubInfoUITests.xctest; sourceTree = BUILT_PRODUCTS_DIR; };
		5E4DE0EF242885F500835395 /* githubInfoUITests.m */ = {isa = PBXFileReference; lastKnownFileType = sourcecode.c.objc; path = githubInfoUITests.m; sourceTree = "<group>"; };
		5E4DE0F1242885F500835395 /* Info.plist */ = {isa = PBXFileReference; lastKnownFileType = text.plist.xml; path = Info.plist; sourceTree = "<group>"; };
		5E7155DF2429FD49005E23BB /* SingleFileModel.h */ = {isa = PBXFileReference; lastKnownFileType = sourcecode.c.h; path = SingleFileModel.h; sourceTree = "<group>"; };
		5E7155E02429FD49005E23BB /* SingleFileModel.m */ = {isa = PBXFileReference; lastKnownFileType = sourcecode.c.objc; path = SingleFileModel.m; sourceTree = "<group>"; };
		5E7155E2242A0C35005E23BB /* libMBProgressHUD.a */ = {isa = PBXFileReference; explicitFileType = archive.ar; path = libMBProgressHUD.a; sourceTree = BUILT_PRODUCTS_DIR; };
		5ED254E72428B3B6005969D2 /* EntranceControllerCell.h */ = {isa = PBXFileReference; lastKnownFileType = sourcecode.c.h; name = EntranceControllerCell.h; path = githubInfo/View/EntranceControllerCell.h; sourceTree = SOURCE_ROOT; };
		5ED254E82428B3B6005969D2 /* EntranceControllerCell.m */ = {isa = PBXFileReference; lastKnownFileType = sourcecode.c.objc; name = EntranceControllerCell.m; path = githubInfo/View/EntranceControllerCell.m; sourceTree = SOURCE_ROOT; };
		83E4D980CAE9C28D021674DA /* libPods-githubInfoUITests.a */ = {isa = PBXFileReference; explicitFileType = archive.ar; includeInIndex = 0; path = "libPods-githubInfoUITests.a"; sourceTree = BUILT_PRODUCTS_DIR; };
		CC16EFB9473396E153AB5459 /* Pods-githubInfoTests.release.xcconfig */ = {isa = PBXFileReference; includeInIndex = 1; lastKnownFileType = text.xcconfig; name = "Pods-githubInfoTests.release.xcconfig"; path = "Pods/Target Support Files/Pods-githubInfoTests/Pods-githubInfoTests.release.xcconfig"; sourceTree = "<group>"; };
		F86D5CE93045900792F2B524 /* libPods-githubInfo.a */ = {isa = PBXFileReference; explicitFileType = archive.ar; includeInIndex = 0; path = "libPods-githubInfo.a"; sourceTree = BUILT_PRODUCTS_DIR; };
		FA7744FEB8357250B68D9A07 /* Pods-githubInfoUITests.release.xcconfig */ = {isa = PBXFileReference; includeInIndex = 1; lastKnownFileType = text.xcconfig; name = "Pods-githubInfoUITests.release.xcconfig"; path = "Pods/Target Support Files/Pods-githubInfoUITests/Pods-githubInfoUITests.release.xcconfig"; sourceTree = "<group>"; };
/* End PBXFileReference section */

/* Begin PBXFrameworksBuildPhase section */
		5E4DE0C2242885F100835395 /* Frameworks */ = {
			isa = PBXFrameworksBuildPhase;
			buildActionMask = 2147483647;
			files = (
				5E7155E3242A0C35005E23BB /* libMBProgressHUD.a in Frameworks */,
				5E16821A2429ADB0000E16BC /* libSDWebImage.a in Frameworks */,
				5E1682182429A07A000E16BC /* libJSONModel.a in Frameworks */,
				5E16821324299CD2000E16BC /* libAFNetworking.a in Frameworks */,
				DEA29A4DED0805FD13681428 /* libPods-githubInfo.a in Frameworks */,
			);
			runOnlyForDeploymentPostprocessing = 0;
		};
		5E4DE0DD242885F500835395 /* Frameworks */ = {
			isa = PBXFrameworksBuildPhase;
			buildActionMask = 2147483647;
			files = (
				B2A883C5B7EFF50F7808565D /* libPods-githubInfoTests.a in Frameworks */,
			);
			runOnlyForDeploymentPostprocessing = 0;
		};
		5E4DE0E8242885F500835395 /* Frameworks */ = {
			isa = PBXFrameworksBuildPhase;
			buildActionMask = 2147483647;
			files = (
				9659612E04E29551C453378A /* libPods-githubInfoUITests.a in Frameworks */,
			);
			runOnlyForDeploymentPostprocessing = 0;
		};
/* End PBXFrameworksBuildPhase section */

/* Begin PBXGroup section */
		5467F6D984DEFE13C01930FD /* Frameworks */ = {
			isa = PBXGroup;
			children = (
				5E7155E2242A0C35005E23BB /* libMBProgressHUD.a */,
				5E1682192429ADB0000E16BC /* libSDWebImage.a */,
				5E1682172429A07A000E16BC /* libJSONModel.a */,
				5E16821224299CD2000E16BC /* libAFNetworking.a */,
				F86D5CE93045900792F2B524 /* libPods-githubInfo.a */,
				28B033A3DBBB79548CCD1897 /* libPods-githubInfoTests.a */,
				83E4D980CAE9C28D021674DA /* libPods-githubInfoUITests.a */,
			);
			name = Frameworks;
			sourceTree = "<group>";
		};
		5E16821B2429B264000E16BC /* Model */ = {
			isa = PBXGroup;
			children = (
				5E16821424299E72000E16BC /* OwnerModel.h */,
				5E16821524299E72000E16BC /* OwnerModel.m */,
				5E7155DF2429FD49005E23BB /* SingleFileModel.h */,
				5E7155E02429FD49005E23BB /* SingleFileModel.m */,
			);
			path = Model;
			sourceTree = "<group>";
		};
		5E1682232429BA4B000E16BC /* ImageSet */ = {
			isa = PBXGroup;
			children = (
				5E1682292429E738000E16BC /* Link.png */,
				5E1682272429E737000E16BC /* Location.png */,
				5E1682282429E738000E16BC /* user.png */,
				5E1682212429BA3B000E16BC /* photo.png */,
			);
			path = ImageSet;
			sourceTree = "<group>";
		};
		5E4DE0BC242885F100835395 = {
			isa = PBXGroup;
			children = (
				5E4DE0C7242885F100835395 /* githubInfo */,
				5E4DE0E3242885F500835395 /* githubInfoTests */,
				5E4DE0EE242885F500835395 /* githubInfoUITests */,
				5E4DE0C6242885F100835395 /* Products */,
				730B7582C657AB88D45A9C59 /* Pods */,
				5467F6D984DEFE13C01930FD /* Frameworks */,
			);
			sourceTree = "<group>";
		};
		5E4DE0C6242885F100835395 /* Products */ = {
			isa = PBXGroup;
			children = (
				5E4DE0C5242885F100835395 /* githubInfo.app */,
				5E4DE0E0242885F500835395 /* githubInfoTests.xctest */,
				5E4DE0EB242885F500835395 /* githubInfoUITests.xctest */,
			);
			name = Products;
			sourceTree = "<group>";
		};
		5E4DE0C7242885F100835395 /* githubInfo */ = {
			isa = PBXGroup;
			children = (
				5E1682232429BA4B000E16BC /* ImageSet */,
				5ED254E62428B367005969D2 /* Controller */,
				5ED254E52428B359005969D2 /* ViewModel */,
				5E16821B2429B264000E16BC /* Model */,
				5ED254E42428B350005969D2 /* View */,
				5E4DE0D1242885F100835395 /* Main.storyboard */,
				5E4DE0D4242885F500835395 /* Assets.xcassets */,
				5E4DE0D6242885F500835395 /* LaunchScreen.storyboard */,
				5E4DE0D9242885F500835395 /* Info.plist */,
				5E4DE0DA242885F500835395 /* main.m */,
			);
			path = githubInfo;
			sourceTree = "<group>";
		};
		5E4DE0E3242885F500835395 /* githubInfoTests */ = {
			isa = PBXGroup;
			children = (
				5E4DE0E4242885F500835395 /* githubInfoTests.m */,
				5E4DE0E6242885F500835395 /* Info.plist */,
			);
			path = githubInfoTests;
			sourceTree = "<group>";
		};
		5E4DE0EE242885F500835395 /* githubInfoUITests */ = {
			isa = PBXGroup;
			children = (
				5E4DE0EF242885F500835395 /* githubInfoUITests.m */,
				5E4DE0F1242885F500835395 /* Info.plist */,
			);
			path = githubInfoUITests;
			sourceTree = "<group>";
		};
		5ED254E42428B350005969D2 /* View */ = {
			isa = PBXGroup;
			children = (
				5ED254E72428B3B6005969D2 /* EntranceControllerCell.h */,
				5ED254E82428B3B6005969D2 /* EntranceControllerCell.m */,
			);
			path = View;
			sourceTree = "<group>";
		};
		5ED254E52428B359005969D2 /* ViewModel */ = {
			isa = PBXGroup;
			children = (
				5E16821C2429B2BB000E16BC /* TableViewDataViewModel.h */,
				5E16821D2429B2BB000E16BC /* TableViewDataViewModel.m */,
			);
			path = ViewModel;
			sourceTree = "<group>";
		};
		5ED254E62428B367005969D2 /* Controller */ = {
			isa = PBXGroup;
			children = (
				5E4DE0CB242885F100835395 /* SceneDelegate.h */,
				5E4DE0CC242885F100835395 /* SceneDelegate.m */,
				5E4DE0C8242885F100835395 /* AppDelegate.h */,
				5E4DE0C9242885F100835395 /* AppDelegate.m */,
				5E4DE0CE242885F100835395 /* EntranceController.h */,
				5E4DE0CF242885F100835395 /* EntranceController.m */,
				5E1682242429E427000E16BC /* PersonInfoController.h */,
				5E1682252429E427000E16BC /* PersonInfoController.m */,
			);
			path = Controller;
			sourceTree = "<group>";
		};
		730B7582C657AB88D45A9C59 /* Pods */ = {
			isa = PBXGroup;
			children = (
				142FB07258CB45837608523D /* Pods-githubInfo.debug.xcconfig */,
				3926F453C7493319530C201B /* Pods-githubInfo.release.xcconfig */,
				31AEF38954161BE4A8AC896C /* Pods-githubInfoTests.debug.xcconfig */,
				CC16EFB9473396E153AB5459 /* Pods-githubInfoTests.release.xcconfig */,
				40A2B82B7A2AE85CFDCC536E /* Pods-githubInfoUITests.debug.xcconfig */,
				FA7744FEB8357250B68D9A07 /* Pods-githubInfoUITests.release.xcconfig */,
			);
			name = Pods;
			sourceTree = "<group>";
		};
/* End PBXGroup section */

/* Begin PBXNativeTarget section */
		5E4DE0C4242885F100835395 /* githubInfo */ = {
			isa = PBXNativeTarget;
			buildConfigurationList = 5E4DE0F4242885F500835395 /* Build configuration list for PBXNativeTarget "githubInfo" */;
			buildPhases = (
				25C33BF14CF6E20D55A5648C /* [CP] Check Pods Manifest.lock */,
				5E4DE0C1242885F100835395 /* Sources */,
				5E4DE0C2242885F100835395 /* Frameworks */,
				5E4DE0C3242885F100835395 /* Resources */,
			);
			buildRules = (
			);
			dependencies = (
			);
			name = githubInfo;
			productName = githubInfo;
			productReference = 5E4DE0C5242885F100835395 /* githubInfo.app */;
			productType = "com.apple.product-type.application";
		};
		5E4DE0DF242885F500835395 /* githubInfoTests */ = {
			isa = PBXNativeTarget;
			buildConfigurationList = 5E4DE0F7242885F500835395 /* Build configuration list for PBXNativeTarget "githubInfoTests" */;
			buildPhases = (
				4215ED026DF0CC56FDE73062 /* [CP] Check Pods Manifest.lock */,
				5E4DE0DC242885F500835395 /* Sources */,
				5E4DE0DD242885F500835395 /* Frameworks */,
				5E4DE0DE242885F500835395 /* Resources */,
			);
			buildRules = (
			);
			dependencies = (
				5E4DE0E2242885F500835395 /* PBXTargetDependency */,
			);
			name = githubInfoTests;
			productName = githubInfoTests;
			productReference = 5E4DE0E0242885F500835395 /* githubInfoTests.xctest */;
			productType = "com.apple.product-type.bundle.unit-test";
		};
		5E4DE0EA242885F500835395 /* githubInfoUITests */ = {
			isa = PBXNativeTarget;
			buildConfigurationList = 5E4DE0FA242885F500835395 /* Build configuration list for PBXNativeTarget "githubInfoUITests" */;
			buildPhases = (
				35A204A85892D0DD1E0882F9 /* [CP] Check Pods Manifest.lock */,
				5E4DE0E7242885F500835395 /* Sources */,
				5E4DE0E8242885F500835395 /* Frameworks */,
				5E4DE0E9242885F500835395 /* Resources */,
			);
			buildRules = (
			);
			dependencies = (
				5E4DE0ED242885F500835395 /* PBXTargetDependency */,
			);
			name = githubInfoUITests;
			productName = githubInfoUITests;
			productReference = 5E4DE0EB242885F500835395 /* githubInfoUITests.xctest */;
			productType = "com.apple.product-type.bundle.ui-testing";
		};
/* End PBXNativeTarget section */

/* Begin PBXProject section */
		5E4DE0BD242885F100835395 /* Project object */ = {
			isa = PBXProject;
			attributes = {
				LastUpgradeCheck = 1120;
				ORGANIZATIONNAME = cch;
				TargetAttributes = {
					5E4DE0C4242885F100835395 = {
						CreatedOnToolsVersion = 11.2.1;
					};
					5E4DE0DF242885F500835395 = {
						CreatedOnToolsVersion = 11.2.1;
						TestTargetID = 5E4DE0C4242885F100835395;
					};
					5E4DE0EA242885F500835395 = {
						CreatedOnToolsVersion = 11.2.1;
						TestTargetID = 5E4DE0C4242885F100835395;
					};
				};
			};
			buildConfigurationList = 5E4DE0C0242885F100835395 /* Build configuration list for PBXProject "githubInfo" */;
			compatibilityVersion = "Xcode 9.3";
			developmentRegion = en;
			hasScannedForEncodings = 0;
			knownRegions = (
				en,
				Base,
			);
			mainGroup = 5E4DE0BC242885F100835395;
			productRefGroup = 5E4DE0C6242885F100835395 /* Products */;
			projectDirPath = "";
			projectRoot = "";
			targets = (
				5E4DE0C4242885F100835395 /* githubInfo */,
				5E4DE0DF242885F500835395 /* githubInfoTests */,
				5E4DE0EA242885F500835395 /* githubInfoUITests */,
			);
		};
/* End PBXProject section */

/* Begin PBXResourcesBuildPhase section */
		5E4DE0C3242885F100835395 /* Resources */ = {
			isa = PBXResourcesBuildPhase;
			buildActionMask = 2147483647;
			files = (
				5E4DE0D8242885F500835395 /* LaunchScreen.storyboard in Resources */,
				5E16822C2429E738000E16BC /* Link.png in Resources */,
				5E4DE0D5242885F500835395 /* Assets.xcassets in Resources */,
				5E16822B2429E738000E16BC /* user.png in Resources */,
				5E16822A2429E738000E16BC /* Location.png in Resources */,
				5E1682222429BA3B000E16BC /* photo.png in Resources */,
				5E4DE0D3242885F100835395 /* Main.storyboard in Resources */,
			);
			runOnlyForDeploymentPostprocessing = 0;
		};
		5E4DE0DE242885F500835395 /* Resources */ = {
			isa = PBXResourcesBuildPhase;
			buildActionMask = 2147483647;
			files = (
			);
			runOnlyForDeploymentPostprocessing = 0;
		};
		5E4DE0E9242885F500835395 /* Resources */ = {
			isa = PBXResourcesBuildPhase;
			buildActionMask = 2147483647;
			files = (
			);
			runOnlyForDeploymentPostprocessing = 0;
		};
/* End PBXResourcesBuildPhase section */

/* Begin PBXShellScriptBuildPhase section */
		25C33BF14CF6E20D55A5648C /* [CP] Check Pods Manifest.lock */ = {
			isa = PBXShellScriptBuildPhase;
			buildActionMask = 2147483647;
			files = (
			);
			inputPaths = (
				"${PODS_PODFILE_DIR_PATH}/Podfile.lock",
				"${PODS_ROOT}/Manifest.lock",
			);
			name = "[CP] Check Pods Manifest.lock";
			outputPaths = (
				"$(DERIVED_FILE_DIR)/Pods-githubInfo-checkManifestLockResult.txt",
			);
			runOnlyForDeploymentPostprocessing = 0;
			shellPath = /bin/sh;
			shellScript = "diff \"${PODS_PODFILE_DIR_PATH}/Podfile.lock\" \"${PODS_ROOT}/Manifest.lock\" > /dev/null\nif [ $? != 0 ] ; then\n    # print error to STDERR\n    echo \"error: The sandbox is not in sync with the Podfile.lock. Run 'pod install' or update your CocoaPods installation.\" >&2\n    exit 1\nfi\n# This output is used by Xcode 'outputs' to avoid re-running this script phase.\necho \"SUCCESS\" > \"${SCRIPT_OUTPUT_FILE_0}\"\n";
			showEnvVarsInLog = 0;
		};
		35A204A85892D0DD1E0882F9 /* [CP] Check Pods Manifest.lock */ = {
			isa = PBXShellScriptBuildPhase;
			buildActionMask = 2147483647;
			files = (
			);
			inputPaths = (
				"${PODS_PODFILE_DIR_PATH}/Podfile.lock",
				"${PODS_ROOT}/Manifest.lock",
			);
			name = "[CP] Check Pods Manifest.lock";
			outputPaths = (
				"$(DERIVED_FILE_DIR)/Pods-githubInfoUITests-checkManifestLockResult.txt",
			);
			runOnlyForDeploymentPostprocessing = 0;
			shellPath = /bin/sh;
			shellScript = "diff \"${PODS_PODFILE_DIR_PATH}/Podfile.lock\" \"${PODS_ROOT}/Manifest.lock\" > /dev/null\nif [ $? != 0 ] ; then\n    # print error to STDERR\n    echo \"error: The sandbox is not in sync with the Podfile.lock. Run 'pod install' or update your CocoaPods installation.\" >&2\n    exit 1\nfi\n# This output is used by Xcode 'outputs' to avoid re-running this script phase.\necho \"SUCCESS\" > \"${SCRIPT_OUTPUT_FILE_0}\"\n";
			showEnvVarsInLog = 0;
		};
		4215ED026DF0CC56FDE73062 /* [CP] Check Pods Manifest.lock */ = {
			isa = PBXShellScriptBuildPhase;
			buildActionMask = 2147483647;
			files = (
			);
			inputPaths = (
				"${PODS_PODFILE_DIR_PATH}/Podfile.lock",
				"${PODS_ROOT}/Manifest.lock",
			);
			name = "[CP] Check Pods Manifest.lock";
			outputPaths = (
				"$(DERIVED_FILE_DIR)/Pods-githubInfoTests-checkManifestLockResult.txt",
			);
			runOnlyForDeploymentPostprocessing = 0;
			shellPath = /bin/sh;
			shellScript = "diff \"${PODS_PODFILE_DIR_PATH}/Podfile.lock\" \"${PODS_ROOT}/Manifest.lock\" > /dev/null\nif [ $? != 0 ] ; then\n    # print error to STDERR\n    echo \"error: The sandbox is not in sync with the Podfile.lock. Run 'pod install' or update your CocoaPods installation.\" >&2\n    exit 1\nfi\n# This output is used by Xcode 'outputs' to avoid re-running this script phase.\necho \"SUCCESS\" > \"${SCRIPT_OUTPUT_FILE_0}\"\n";
			showEnvVarsInLog = 0;
		};
/* End PBXShellScriptBuildPhase section */

/* Begin PBXSourcesBuildPhase section */
		5E4DE0C1242885F100835395 /* Sources */ = {
			isa = PBXSourcesBuildPhase;
			buildActionMask = 2147483647;
			files = (
				5E1682262429E427000E16BC /* PersonInfoController.m in Sources */,
				5E4DE0D0242885F100835395 /* EntranceController.m in Sources */,
				5E4DE0CA242885F100835395 /* AppDelegate.m in Sources */,
				5E16821624299E72000E16BC /* OwnerModel.m in Sources */,
				5E16821E2429B2BB000E16BC /* TableViewDataViewModel.m in Sources */,
				5E7155E12429FD49005E23BB /* SingleFileModel.m in Sources */,
				5E4DE0DB242885F500835395 /* main.m in Sources */,
				5E4DE0CD242885F100835395 /* SceneDelegate.m in Sources */,
				5ED254E92428B3B6005969D2 /* EntranceControllerCell.m in Sources */,
			);
			runOnlyForDeploymentPostprocessing = 0;
		};
		5E4DE0DC242885F500835395 /* Sources */ = {
			isa = PBXSourcesBuildPhase;
			buildActionMask = 2147483647;
			files = (
				5E4DE0E5242885F500835395 /* githubInfoTests.m in Sources */,
			);
			runOnlyForDeploymentPostprocessing = 0;
		};
		5E4DE0E7242885F500835395 /* Sources */ = {
			isa = PBXSourcesBuildPhase;
			buildActionMask = 2147483647;
			files = (
				5E4DE0F0242885F500835395 /* githubInfoUITests.m in Sources */,
			);
			runOnlyForDeploymentPostprocessing = 0;
		};
/* End PBXSourcesBuildPhase section */

/* Begin PBXTargetDependency section */
		5E4DE0E2242885F500835395 /* PBXTargetDependency */ = {
			isa = PBXTargetDependency;
			target = 5E4DE0C4242885F100835395 /* githubInfo */;
			targetProxy = 5E4DE0E1242885F500835395 /* PBXContainerItemProxy */;
		};
		5E4DE0ED242885F500835395 /* PBXTargetDependency */ = {
			isa = PBXTargetDependency;
			target = 5E4DE0C4242885F100835395 /* githubInfo */;
			targetProxy = 5E4DE0EC242885F500835395 /* PBXContainerItemProxy */;
		};
/* End PBXTargetDependency section */

/* Begin PBXVariantGroup section */
		5E4DE0D1242885F100835395 /* Main.storyboard */ = {
			isa = PBXVariantGroup;
			children = (
				5E4DE0D2242885F100835395 /* Base */,
			);
			name = Main.storyboard;
			sourceTree = "<group>";
		};
		5E4DE0D6242885F500835395 /* LaunchScreen.storyboard */ = {
			isa = PBXVariantGroup;
			children = (
				5E4DE0D7242885F500835395 /* Base */,
			);
			name = LaunchScreen.storyboard;
			sourceTree = "<group>";
		};
/* End PBXVariantGroup section */

/* Begin XCBuildConfiguration section */
		5E4DE0F2242885F500835395 /* Debug */ = {
			isa = XCBuildConfiguration;
			buildSettings = {
				ALWAYS_SEARCH_USER_PATHS = NO;
				CLANG_ANALYZER_NONNULL = YES;
				CLANG_ANALYZER_NUMBER_OBJECT_CONVERSION = YES_AGGRESSIVE;
				CLANG_CXX_LANGUAGE_STANDARD = "gnu++14";
				CLANG_CXX_LIBRARY = "libc++";
				CLANG_ENABLE_MODULES = YES;
				CLANG_ENABLE_OBJC_ARC = YES;
				CLANG_ENABLE_OBJC_WEAK = YES;
				CLANG_WARN_BLOCK_CAPTURE_AUTORELEASING = YES;
				CLANG_WARN_BOOL_CONVERSION = YES;
				CLANG_WARN_COMMA = YES;
				CLANG_WARN_CONSTANT_CONVERSION = YES;
				CLANG_WARN_DEPRECATED_OBJC_IMPLEMENTATIONS = YES;
				CLANG_WARN_DIRECT_OBJC_ISA_USAGE = YES_ERROR;
				CLANG_WARN_DOCUMENTATION_COMMENTS = YES;
				CLANG_WARN_EMPTY_BODY = YES;
				CLANG_WARN_ENUM_CONVERSION = YES;
				CLANG_WARN_INFINITE_RECURSION = YES;
				CLANG_WARN_INT_CONVERSION = YES;
				CLANG_WARN_NON_LITERAL_NULL_CONVERSION = YES;
				CLANG_WARN_OBJC_IMPLICIT_RETAIN_SELF = YES;
				CLANG_WARN_OBJC_LITERAL_CONVERSION = YES;
				CLANG_WARN_OBJC_ROOT_CLASS = YES_ERROR;
				CLANG_WARN_RANGE_LOOP_ANALYSIS = YES;
				CLANG_WARN_STRICT_PROTOTYPES = YES;
				CLANG_WARN_SUSPICIOUS_MOVE = YES;
				CLANG_WARN_UNGUARDED_AVAILABILITY = YES_AGGRESSIVE;
				CLANG_WARN_UNREACHABLE_CODE = YES;
				CLANG_WARN__DUPLICATE_METHOD_MATCH = YES;
				COPY_PHASE_STRIP = NO;
				DEBUG_INFORMATION_FORMAT = dwarf;
				ENABLE_STRICT_OBJC_MSGSEND = YES;
				ENABLE_TESTABILITY = YES;
				GCC_C_LANGUAGE_STANDARD = gnu11;
				GCC_DYNAMIC_NO_PIC = NO;
				GCC_NO_COMMON_BLOCKS = YES;
				GCC_OPTIMIZATION_LEVEL = 0;
				GCC_PREPROCESSOR_DEFINITIONS = (
					"DEBUG=1",
					"$(inherited)",
				);
				GCC_WARN_64_TO_32_BIT_CONVERSION = YES;
				GCC_WARN_ABOUT_RETURN_TYPE = YES_ERROR;
				GCC_WARN_UNDECLARED_SELECTOR = YES;
				GCC_WARN_UNINITIALIZED_AUTOS = YES_AGGRESSIVE;
				GCC_WARN_UNUSED_FUNCTION = YES;
				GCC_WARN_UNUSED_VARIABLE = YES;
				IPHONEOS_DEPLOYMENT_TARGET = 13.2;
				MTL_ENABLE_DEBUG_INFO = INCLUDE_SOURCE;
				MTL_FAST_MATH = YES;
				ONLY_ACTIVE_ARCH = YES;
				SDKROOT = iphoneos;
			};
			name = Debug;
		};
		5E4DE0F3242885F500835395 /* Release */ = {
			isa = XCBuildConfiguration;
			buildSettings = {
				ALWAYS_SEARCH_USER_PATHS = NO;
				CLANG_ANALYZER_NONNULL = YES;
				CLANG_ANALYZER_NUMBER_OBJECT_CONVERSION = YES_AGGRESSIVE;
				CLANG_CXX_LANGUAGE_STANDARD = "gnu++14";
				CLANG_CXX_LIBRARY = "libc++";
				CLANG_ENABLE_MODULES = YES;
				CLANG_ENABLE_OBJC_ARC = YES;
				CLANG_ENABLE_OBJC_WEAK = YES;
				CLANG_WARN_BLOCK_CAPTURE_AUTORELEASING = YES;
				CLANG_WARN_BOOL_CONVERSION = YES;
				CLANG_WARN_COMMA = YES;
				CLANG_WARN_CONSTANT_CONVERSION = YES;
				CLANG_WARN_DEPRECATED_OBJC_IMPLEMENTATIONS = YES;
				CLANG_WARN_DIRECT_OBJC_ISA_USAGE = YES_ERROR;
				CLANG_WARN_DOCUMENTATION_COMMENTS = YES;
				CLANG_WARN_EMPTY_BODY = YES;
				CLANG_WARN_ENUM_CONVERSION = YES;
				CLANG_WARN_INFINITE_RECURSION = YES;
				CLANG_WARN_INT_CONVERSION = YES;
				CLANG_WARN_NON_LITERAL_NULL_CONVERSION = YES;
				CLANG_WARN_OBJC_IMPLICIT_RETAIN_SELF = YES;
				CLANG_WARN_OBJC_LITERAL_CONVERSION = YES;
				CLANG_WARN_OBJC_ROOT_CLASS = YES_ERROR;
				CLANG_WARN_RANGE_LOOP_ANALYSIS = YES;
				CLANG_WARN_STRICT_PROTOTYPES = YES;
				CLANG_WARN_SUSPICIOUS_MOVE = YES;
				CLANG_WARN_UNGUARDED_AVAILABILITY = YES_AGGRESSIVE;
				CLANG_WARN_UNREACHABLE_CODE = YES;
				CLANG_WARN__DUPLICATE_METHOD_MATCH = YES;
				COPY_PHASE_STRIP = NO;
				DEBUG_INFORMATION_FORMAT = "dwarf-with-dsym";
				ENABLE_NS_ASSERTIONS = NO;
				ENABLE_STRICT_OBJC_MSGSEND = YES;
				GCC_C_LANGUAGE_STANDARD = gnu11;
				GCC_NO_COMMON_BLOCKS = YES;
				GCC_WARN_64_TO_32_BIT_CONVERSION = YES;
				GCC_WARN_ABOUT_RETURN_TYPE = YES_ERROR;
				GCC_WARN_UNDECLARED_SELECTOR = YES;
				GCC_WARN_UNINITIALIZED_AUTOS = YES_AGGRESSIVE;
				GCC_WARN_UNUSED_FUNCTION = YES;
				GCC_WARN_UNUSED_VARIABLE = YES;
				IPHONEOS_DEPLOYMENT_TARGET = 13.2;
				MTL_ENABLE_DEBUG_INFO = NO;
				MTL_FAST_MATH = YES;
				SDKROOT = iphoneos;
				VALIDATE_PRODUCT = YES;
			};
			name = Release;
		};
		5E4DE0F5242885F500835395 /* Debug */ = {
			isa = XCBuildConfiguration;
			baseConfigurationReference = 142FB07258CB45837608523D /* Pods-githubInfo.debug.xcconfig */;
			buildSettings = {
				ASSETCATALOG_COMPILER_APPICON_NAME = AppIcon;
				CODE_SIGN_STYLE = Automatic;
				INFOPLIST_FILE = githubInfo/Info.plist;
				LD_RUNPATH_SEARCH_PATHS = (
					"$(inherited)",
					"@executable_path/Frameworks",
				);
				LIBRARY_SEARCH_PATHS = (
					"\"$CONFIGURATION_BUILD_DIR/AFNetworking\"",
					"\"$CONFIGURATION_BUILD_DIR/JSONModel\"",
					"\"$CONFIGURATION_BUILD_DIR/SDWebImage\"",
					"\"$CONFIGURATION_BUILD_DIR/MBProgressHUD\"",
				);
				OTHER_LDFLAGS = "$(inherited)";
				PRODUCT_BUNDLE_IDENTIFIER = Jason.githubInfo;
				PRODUCT_NAME = "$(TARGET_NAME)";
				TARGETED_DEVICE_FAMILY = "1,2";
			};
			name = Debug;
		};
		5E4DE0F6242885F500835395 /* Release */ = {
			isa = XCBuildConfiguration;
			baseConfigurationReference = 3926F453C7493319530C201B /* Pods-githubInfo.release.xcconfig */;
			buildSettings = {
				ASSETCATALOG_COMPILER_APPICON_NAME = AppIcon;
				CODE_SIGN_STYLE = Automatic;
				INFOPLIST_FILE = githubInfo/Info.plist;
				LD_RUNPATH_SEARCH_PATHS = (
					"$(inherited)",
					"@executable_path/Frameworks",
				);
				LIBRARY_SEARCH_PATHS = (
					"\"$CONFIGURATION_BUILD_DIR/AFNetworking\"",
					"\"$CONFIGURATION_BUILD_DIR/JSONModel\"",
					"\"$CONFIGURATION_BUILD_DIR/SDWebImage\"",
					"\"$CONFIGURATION_BUILD_DIR/MBProgressHUD\"",
				);
				OTHER_LDFLAGS = "$(inherited)";
				PRODUCT_BUNDLE_IDENTIFIER = Jason.githubInfo;
				PRODUCT_NAME = "$(TARGET_NAME)";
				TARGETED_DEVICE_FAMILY = "1,2";
			};
			name = Release;
		};
		5E4DE0F8242885F500835395 /* Debug */ = {
			isa = XCBuildConfiguration;
			baseConfigurationReference = 31AEF38954161BE4A8AC896C /* Pods-githubInfoTests.debug.xcconfig */;
			buildSettings = {
				BUNDLE_LOADER = "$(TEST_HOST)";
				CODE_SIGN_STYLE = Automatic;
				INFOPLIST_FILE = githubInfoTests/Info.plist;
				IPHONEOS_DEPLOYMENT_TARGET = 13.2;
				LD_RUNPATH_SEARCH_PATHS = (
					"$(inherited)",
					"@executable_path/Frameworks",
					"@loader_path/Frameworks",
				);
				PRODUCT_BUNDLE_IDENTIFIER = Jason.githubInfoTests;
				PRODUCT_NAME = "$(TARGET_NAME)";
				TARGETED_DEVICE_FAMILY = "1,2";
				TEST_HOST = "$(BUILT_PRODUCTS_DIR)/githubInfo.app/githubInfo";
			};
			name = Debug;
		};
		5E4DE0F9242885F500835395 /* Release */ = {
			isa = XCBuildConfiguration;
			baseConfigurationReference = CC16EFB9473396E153AB5459 /* Pods-githubInfoTests.release.xcconfig */;
			buildSettings = {
				BUNDLE_LOADER = "$(TEST_HOST)";
				CODE_SIGN_STYLE = Automatic;
				INFOPLIST_FILE = githubInfoTests/Info.plist;
				IPHONEOS_DEPLOYMENT_TARGET = 13.2;
				LD_RUNPATH_SEARCH_PATHS = (
					"$(inherited)",
					"@executable_path/Frameworks",
					"@loader_path/Frameworks",
				);
				PRODUCT_BUNDLE_IDENTIFIER = Jason.githubInfoTests;
				PRODUCT_NAME = "$(TARGET_NAME)";
				TARGETED_DEVICE_FAMILY = "1,2";
				TEST_HOST = "$(BUILT_PRODUCTS_DIR)/githubInfo.app/githubInfo";
			};
			name = Release;
		};
		5E4DE0FB242885F500835395 /* Debug */ = {
			isa = XCBuildConfiguration;
			baseConfigurationReference = 40A2B82B7A2AE85CFDCC536E /* Pods-githubInfoUITests.debug.xcconfig */;
			buildSettings = {
				CODE_SIGN_STYLE = Automatic;
				INFOPLIST_FILE = githubInfoUITests/Info.plist;
				LD_RUNPATH_SEARCH_PATHS = (
					"$(inherited)",
					"@executable_path/Frameworks",
					"@loader_path/Frameworks",
				);
				PRODUCT_BUNDLE_IDENTIFIER = Jason.githubInfoUITests;
				PRODUCT_NAME = "$(TARGET_NAME)";
				TARGETED_DEVICE_FAMILY = "1,2";
				TEST_TARGET_NAME = githubInfo;
			};
			name = Debug;
		};
		5E4DE0FC242885F500835395 /* Release */ = {
			isa = XCBuildConfiguration;
			baseConfigurationReference = FA7744FEB8357250B68D9A07 /* Pods-githubInfoUITests.release.xcconfig */;
			buildSettings = {
				CODE_SIGN_STYLE = Automatic;
				INFOPLIST_FILE = githubInfoUITests/Info.plist;
				LD_RUNPATH_SEARCH_PATHS = (
					"$(inherited)",
					"@executable_path/Frameworks",
					"@loader_path/Frameworks",
				);
				PRODUCT_BUNDLE_IDENTIFIER = Jason.githubInfoUITests;
				PRODUCT_NAME = "$(TARGET_NAME)";
				TARGETED_DEVICE_FAMILY = "1,2";
				TEST_TARGET_NAME = githubInfo;
			};
			name = Release;
		};
/* End XCBuildConfiguration section */

/* Begin XCConfigurationList section */
		5E4DE0C0242885F100835395 /* Build configuration list for PBXProject "githubInfo" */ = {
			isa = XCConfigurationList;
			buildConfigurations = (
				5E4DE0F2242885F500835395 /* Debug */,
				5E4DE0F3242885F500835395 /* Release */,
			);
			defaultConfigurationIsVisible = 0;
			defaultConfigurationName = Release;
		};
		5E4DE0F4242885F500835395 /* Build configuration list for PBXNativeTarget "githubInfo" */ = {
			isa = XCConfigurationList;
			buildConfigurations = (
				5E4DE0F5242885F500835395 /* Debug */,
				5E4DE0F6242885F500835395 /* Release */,
			);
			defaultConfigurationIsVisible = 0;
			defaultConfigurationName = Release;
		};
		5E4DE0F7242885F500835395 /* Build configuration list for PBXNativeTarget "githubInfoTests" */ = {
			isa = XCConfigurationList;
			buildConfigurations = (
				5E4DE0F8242885F500835395 /* Debug */,
				5E4DE0F9242885F500835395 /* Release */,
			);
			defaultConfigurationIsVisible = 0;
			defaultConfigurationName = Release;
		};
		5E4DE0FA242885F500835395 /* Build configuration list for PBXNativeTarget "githubInfoUITests" */ = {
			isa = XCConfigurationList;
			buildConfigurations = (
				5E4DE0FB242885F500835395 /* Debug */,
				5E4DE0FC242885F500835395 /* Release */,
			);
			defaultConfigurationIsVisible = 0;
			defaultConfigurationName = Release;
		};
/* End XCConfigurationList section */
	};
	rootObject = 5E4DE0BD242885F100835395 /* Project object */;
}
